dependencies:
- name: minio
  repository: https://charts.helm.sh/stable
  version: 5.0.33
- name: rabbitmq
  repository: https://charts.bitnami.com/bitnami
  version: 7.5.7
- name: postgresql
  repository: https://charts.bitnami.com/bitnami
  version: 8.6.4
- name: log-router
  repository: https://charts.codacy.com/external
  version: 0.6.3
- name: codacy-ingress
  repository: https://charts.codacy.com/stable
  version: 0.28.0
- name: portal
  repository: https://charts.codacy.com/stable
  version: 6.44.2
- name: ragnaros
  repository: https://charts.codacy.com/stable
  version: 35.1.0
- name: remote-provider-service
  repository: https://charts.codacy.com/stable
  version: 10.0.0
- name: listener
  repository: https://charts.codacy.com/stable
  version: 8.15.0
- name: engine
  repository: https://charts.codacy.com/stable
  version: 12.4.0
- name: codacy-tools
  repository: https://charts.codacy.com/stable
  version: 4.0.40
- name: codacy-api
  repository: https://charts.codacy.com/stable
  version: 26.1.0
- name: worker-manager
  repository: https://charts.codacy.com/stable
  version: 10.15.5
- name: crow
  repository: https://charts.codacy.com/stable
  version: 5.7.0
- name: codacy-spa
  repository: https://charts.codacy.com/stable
  version: 1.79.0
digest: sha256:ee3e9d6c5f23dfdae81b7ef06b697631d2e2cd7e2195d7cec28cd3613b2f749c
generated: "2022-01-06T11:37:14.749887Z"
