dependencies:
- name: minio
  repository: https://kubernetes-charts.storage.googleapis.com/
  version: 5.0.33
- name: rabbitmq
  repository: https://charts.bitnami.com/bitnami
  version: 7.5.7
- name: postgresql
  repository: https://charts.bitnami.com/bitnami
  version: 8.6.4
- name: log-router
  repository: https://charts.codacy.com/external
  version: 0.6.3
- name: codacy-ingress
  repository: https://charts.codacy.com/stable
  version: 0.8.0
- name: portal
  repository: https://charts.codacy.com/stable
  version: 6.20.1
- name: ragnaros
  repository: https://charts.codacy.com/stable
  version: 23.20.3
- name: activities
  repository: https://charts.codacy.com/stable
  version: 1.7.2
- name: remote-provider-service
  repository: https://charts.codacy.com/stable
  version: 8.25.1
- name: hotspots-api
  repository: https://charts.codacy.com/stable
  version: 1.6.6
- name: hotspots-worker
  repository: https://charts.codacy.com/stable
  version: 1.6.4
- name: listener
  repository: https://charts.codacy.com/stable
  version: 7.22.0
- name: engine
  repository: https://charts.codacy.com/stable
  version: 7.16.2
- name: codacy-tools
  repository: https://charts.codacy.com/stable
  version: 0.10.9
- name: codacy-api
  repository: https://charts.codacy.com/stable
  version: 16.28.2
- name: worker-manager
  repository: https://charts.codacy.com/stable
  version: 10.2.1
- name: crow
  repository: https://charts.codacy.com/stable
  version: 5.1.6
- name: codacy-spa
  repository: https://charts.codacy.com/stable
  version: 1.22.4
digest: sha256:a04c431f952ecce9e5c97edf0d99a7ae9f4e59f56f1b67a782fd5145488509a9
generated: "2020-09-24T14:43:03.308974309+01:00"
