dependencies:
- name: minio
  repository: https://kubernetes-charts.storage.googleapis.com/
  version: 2.5.18
- name: rabbitmq-ha
  repository: https://kubernetes-charts.storage.googleapis.com/
  version: 1.44.3
- name: postgresql
  repository: https://charts.bitnami.com/bitnami
  version: 8.6.4
- name: log-router
  repository: https://charts.codacy.com/external
  version: 0.5.0
- name: codacy-ingress
  repository: https://charts.codacy.com/stable
  version: 0.5.0
- name: portal
  repository: https://charts.codacy.com/stable
  version: 6.14.1
- name: ragnaros
  repository: https://charts.codacy.com/stable
  version: 23.7.0
- name: activities
  repository: https://charts.codacy.com/stable
  version: 1.6.0
- name: remote-provider-service
  repository: https://charts.codacy.com/stable
  version: 8.16.3
- name: hotspots-api
  repository: https://charts.codacy.com/stable
  version: 1.6.0
- name: hotspots-worker
  repository: https://charts.codacy.com/stable
  version: 1.6.1
- name: listener
  repository: https://charts.codacy.com/stable
  version: 7.17.0
- name: core
  repository: https://charts.codacy.com/stable
  version: 3.1.2
- name: engine
  repository: https://charts.codacy.com/stable
  version: 6.18.0
- name: codacy-api
  repository: https://charts.codacy.com/stable
  version: 12.7.3
- name: worker-manager
  repository: https://charts.codacy.com/stable
  version: 9.5.1
- name: crow
  repository: https://charts.codacy.com/stable
  version: 5.0.2
- name: codacy-spa
  repository: https://charts.codacy.com/stable
  version: 1.6.0
digest: sha256:553c77a4573989d19209bd868e9e930d508cd8cf33fc24f2a3d67e8cbc97eb03
generated: "2020-06-09T15:35:50.862589+01:00"
